
Microsoft Visual Studio Solution File, Format Version 12.00
# Visual Studio 15
VisualStudioVersion = 15.0.27130.2027
MinimumVisualStudioVersion = 10.0.40219.1
Project("{8BC9CEB8-8B4A-11D0-8D11-00A0C91BC942}") = "test3ds_vs", "test3ds_vs\test3ds_vs.vcxproj", "{838D4F0C-DA1A-4BA8-8A1D-B3C4D3CFCF44}"
EndProject
Global
	GlobalSection(SolutionConfigurationPlatforms) = preSolution
		Debug|x64 = Debug|x64
		Debug|x86 = Debug|x86
		Release|x64 = Release|x64
		Release|x86 = Release|x86
	EndGlobalSection
	GlobalSection(ProjectConfigurationPlatforms) = postSolution
		{838D4F0C-DA1A-4BA8-8A1D-B3C4D3CFCF44}.Debug|x64.ActiveCfg = Debug|x64
		{838D4F0C-DA1A-4BA8-8A1D-B3C4D3CFCF44}.Debug|x64.Build.0 = Debug|x64
		{838D4F0C-DA1A-4BA8-8A1D-B3C4D3CFCF44}.Debug|x86.ActiveCfg = Debug|Win32
		{838D4F0C-DA1A-4BA8-8A1D-B3C4D3CFCF44}.Debug|x86.Build.0 = Debug|Win32
		{838D4F0C-DA1A-4BA8-8A1D-B3C4D3CFCF44}.Release|x64.ActiveCfg = Release|x64
		{838D4F0C-DA1A-4BA8-8A1D-B3C4D3CFCF44}.Release|x64.Build.0 = Release|x64
		{838D4F0C-DA1A-4BA8-8A1D-B3C4D3CFCF44}.Release|x86.ActiveCfg = Release|Win32
		{838D4F0C-DA1A-4BA8-8A1D-B3C4D3CFCF44}.Release|x86.Build.0 = Release|Win32
	EndGlobalSection
	GlobalSection(SolutionProperties) = preSolution
		HideSolutionNode = FALSE
	EndGlobalSection
	GlobalSection(ExtensibilityGlobals) = postSolution
		SolutionGuid = {45B06801-D0DF-4DFA-BFAF-0506CBF4E757}
	EndGlobalSection
EndGlobal
